
Microsoft Visual Studio Solution File, Format Version 12.00
# Visual Studio 14
VisualStudioVersion = 14.0.25123.0
MinimumVisualStudioVersion = 10.0.40219.1
Project("{FAE04EC0-301F-11D3-BF4B-00C04F79EFBC}") = "CheckoutKata.Data", "CheckoutKata.Data\CheckoutKata.Data.csproj", "{79E78FC6-7CCE-4467-BC98-4CC8C881975B}"
EndProject
Project("{FAE04EC0-301F-11D3-BF4B-00C04F79EFBC}") = "CheckoutKata.Business", "CheckoutKata.Business\CheckoutKata.Business.csproj", "{1FCEA32A-F99B-4A89-B120-B04868420B0C}"
EndProject
Project("{FAE04EC0-301F-11D3-BF4B-00C04F79EFBC}") = "CheckoutKata.Web.Service", "CheckoutKata.Web.Service\CheckoutKata.Web.Service.csproj", "{7390D654-3B8A-42B4-8DE8-2EC6C0DA0E3E}"
EndProject
Project("{FAE04EC0-301F-11D3-BF4B-00C04F79EFBC}") = "CheckoutKata.Web.Client", "CheckoutKata.Web.Client\CheckoutKata.Web.Client.csproj", "{A14030E3-02A2-488C-93DD-DBBF748F688E}"
EndProject
Global
	GlobalSection(SolutionConfigurationPlatforms) = preSolution
		Debug|Any CPU = Debug|Any CPU
		Release|Any CPU = Release|Any CPU
	EndGlobalSection
	GlobalSection(ProjectConfigurationPlatforms) = postSolution
		{79E78FC6-7CCE-4467-BC98-4CC8C881975B}.Debug|Any CPU.ActiveCfg = Debug|Any CPU
		{79E78FC6-7CCE-4467-BC98-4CC8C881975B}.Debug|Any CPU.Build.0 = Debug|Any CPU
		{79E78FC6-7CCE-4467-BC98-4CC8C881975B}.Release|Any CPU.ActiveCfg = Release|Any CPU
		{79E78FC6-7CCE-4467-BC98-4CC8C881975B}.Release|Any CPU.Build.0 = Release|Any CPU
		{1FCEA32A-F99B-4A89-B120-B04868420B0C}.Debug|Any CPU.ActiveCfg = Debug|Any CPU
		{1FCEA32A-F99B-4A89-B120-B04868420B0C}.Debug|Any CPU.Build.0 = Debug|Any CPU
		{1FCEA32A-F99B-4A89-B120-B04868420B0C}.Release|Any CPU.ActiveCfg = Release|Any CPU
		{1FCEA32A-F99B-4A89-B120-B04868420B0C}.Release|Any CPU.Build.0 = Release|Any CPU
		{7390D654-3B8A-42B4-8DE8-2EC6C0DA0E3E}.Debug|Any CPU.ActiveCfg = Debug|Any CPU
		{7390D654-3B8A-42B4-8DE8-2EC6C0DA0E3E}.Debug|Any CPU.Build.0 = Debug|Any CPU
		{7390D654-3B8A-42B4-8DE8-2EC6C0DA0E3E}.Release|Any CPU.ActiveCfg = Release|Any CPU
		{7390D654-3B8A-42B4-8DE8-2EC6C0DA0E3E}.Release|Any CPU.Build.0 = Release|Any CPU
		{A14030E3-02A2-488C-93DD-DBBF748F688E}.Debug|Any CPU.ActiveCfg = Debug|Any CPU
		{A14030E3-02A2-488C-93DD-DBBF748F688E}.Debug|Any CPU.Build.0 = Debug|Any CPU
		{A14030E3-02A2-488C-93DD-DBBF748F688E}.Release|Any CPU.ActiveCfg = Release|Any CPU
		{A14030E3-02A2-488C-93DD-DBBF748F688E}.Release|Any CPU.Build.0 = Release|Any CPU
	EndGlobalSection
	GlobalSection(SolutionProperties) = preSolution
		HideSolutionNode = FALSE
	EndGlobalSection
EndGlobal
